
Microsoft Visual Studio Solution File, Format Version 12.00
# Visual Studio Version 16
VisualStudioVersion = 16.0.31321.278
MinimumVisualStudioVersion = 10.0.40219.1
Project("{FAE04EC0-301F-11D3-BF4B-00C04F79EFBC}") = "Dominio", "Dominio\Dominio.csproj", "{B4764192-0F6B-4CC1-9834-04EF49567977}"
EndProject
Project("{FAE04EC0-301F-11D3-BF4B-00C04F79EFBC}") = "Negocio", "Negocio\Negocio.csproj", "{7BB54EDB-910D-4671-9075-B79FD10516B1}"
EndProject
Project("{FAE04EC0-301F-11D3-BF4B-00C04F79EFBC}") = "RestoApp2", "RestoApp2\RestoApp2.csproj", "{3638B167-2144-42C6-8ACD-F6FAD2C6E517}"
EndProject
Global
	GlobalSection(SolutionConfigurationPlatforms) = preSolution
		Debug|Any CPU = Debug|Any CPU
		Release|Any CPU = Release|Any CPU
	EndGlobalSection
	GlobalSection(ProjectConfigurationPlatforms) = postSolution
		{B4764192-0F6B-4CC1-9834-04EF49567977}.Debug|Any CPU.ActiveCfg = Debug|Any CPU
		{B4764192-0F6B-4CC1-9834-04EF49567977}.Debug|Any CPU.Build.0 = Debug|Any CPU
		{B4764192-0F6B-4CC1-9834-04EF49567977}.Release|Any CPU.ActiveCfg = Release|Any CPU
		{B4764192-0F6B-4CC1-9834-04EF49567977}.Release|Any CPU.Build.0 = Release|Any CPU
		{7BB54EDB-910D-4671-9075-B79FD10516B1}.Debug|Any CPU.ActiveCfg = Debug|Any CPU
		{7BB54EDB-910D-4671-9075-B79FD10516B1}.Debug|Any CPU.Build.0 = Debug|Any CPU
		{7BB54EDB-910D-4671-9075-B79FD10516B1}.Release|Any CPU.ActiveCfg = Release|Any CPU
		{7BB54EDB-910D-4671-9075-B79FD10516B1}.Release|Any CPU.Build.0 = Release|Any CPU
		{3638B167-2144-42C6-8ACD-F6FAD2C6E517}.Debug|Any CPU.ActiveCfg = Debug|Any CPU
		{3638B167-2144-42C6-8ACD-F6FAD2C6E517}.Debug|Any CPU.Build.0 = Debug|Any CPU
		{3638B167-2144-42C6-8ACD-F6FAD2C6E517}.Release|Any CPU.ActiveCfg = Release|Any CPU
		{3638B167-2144-42C6-8ACD-F6FAD2C6E517}.Release|Any CPU.Build.0 = Release|Any CPU
	EndGlobalSection
	GlobalSection(SolutionProperties) = preSolution
		HideSolutionNode = FALSE
	EndGlobalSection
	GlobalSection(ExtensibilityGlobals) = postSolution
		SolutionGuid = {7ACCE4AA-6FA4-41B7-A50A-22D5D25538B9}
	EndGlobalSection
EndGlobal
